
Microsoft Visual Studio Solution File, Format Version 12.00
# Visual Studio 15
VisualStudioVersion = 15.0.28010.2048
MinimumVisualStudioVersion = 10.0.40219.1
Project("{FAE04EC0-301F-11D3-BF4B-00C04F79EFBC}") = "CodePop", "CodePop\CodePop.csproj", "{A8BE282B-F626-4216-A13B-5F7143103512}"
EndProject
Global
	GlobalSection(SolutionConfigurationPlatforms) = preSolution
		Debug|Any CPU = Debug|Any CPU
		Release|Any CPU = Release|Any CPU
	EndGlobalSection
	GlobalSection(ProjectConfigurationPlatforms) = postSolution
		{A8BE282B-F626-4216-A13B-5F7143103512}.Debug|Any CPU.ActiveCfg = Debug|Any CPU
		{A8BE282B-F626-4216-A13B-5F7143103512}.Debug|Any CPU.Build.0 = Debug|Any CPU
		{A8BE282B-F626-4216-A13B-5F7143103512}.Release|Any CPU.ActiveCfg = Release|Any CPU
		{A8BE282B-F626-4216-A13B-5F7143103512}.Release|Any CPU.Build.0 = Release|Any CPU
	EndGlobalSection
	GlobalSection(SolutionProperties) = preSolution
		HideSolutionNode = FALSE
	EndGlobalSection
	GlobalSection(ExtensibilityGlobals) = postSolution
		SolutionGuid = {AB5F6E5A-900E-4A04-ABC2-48844DF2024B}
	EndGlobalSection
EndGlobal
